// !$*UTF8*$!
{
	archiveVersion = 1;
	classes = {
	};
	objectVersion = 56;
	objects = {

/* Begin PBXBuildFile section */
		66253F8F2926694400CF7E65 /* RoutineInfo.swift in Sources */ = {isa = PBXBuildFile; fileRef = BD066897291C0FF000B4F1B0 /* RoutineInfo.swift */; };
		66493D16292519140024F704 /* RegistrationView.swift in Sources */ = {isa = PBXBuildFile; fileRef = 66493D15292519140024F704 /* RegistrationView.swift */; };
		66493D1829253BD80024F704 /* WeekView.swift in Sources */ = {isa = PBXBuildFile; fileRef = 66493D1729253BD80024F704 /* WeekView.swift */; };
		66526266292C27CE001DA6D5 /* RoutineStore.swift in Sources */ = {isa = PBXBuildFile; fileRef = 66526265292C27CE001DA6D5 /* RoutineStore.swift */; };
		665B7FA2291985350023B012 /* TimerView.swift in Sources */ = {isa = PBXBuildFile; fileRef = 665B7FA1291985350023B012 /* TimerView.swift */; };
		66705B21291AA5AA004378C2 /* FinishView.swift in Sources */ = {isa = PBXBuildFile; fileRef = 66705B20291AA5AA004378C2 /* FinishView.swift */; };
		66705B23291AAD57004378C2 /* ListView.swift in Sources */ = {isa = PBXBuildFile; fileRef = 66705B22291AAD57004378C2 /* ListView.swift */; };
		6676EF2A291A8763003A9B49 /* Color+customColor.swift in Sources */ = {isa = PBXBuildFile; fileRef = 6676EF28291A7FBC003A9B49 /* Color+customColor.swift */; };
		667DA0DA291BCB6C00DC6746 /* DailySkinCare.swift in Sources */ = {isa = PBXBuildFile; fileRef = 667DA0D9291BCB6C00DC6746 /* DailySkinCare.swift */; };
		667DA0DC291BD51700DC6746 /* CardView.swift in Sources */ = {isa = PBXBuildFile; fileRef = 667DA0DB291BD51700DC6746 /* CardView.swift */; };
		667FAEB4291D91FC0062A2F4 /* ViewController.swift in Sources */ = {isa = PBXBuildFile; fileRef = 667FAEB3291D91FC0062A2F4 /* ViewController.swift */; };
		667FAEB6291D94720062A2F4 /* OrangeView.swift in Sources */ = {isa = PBXBuildFile; fileRef = 667FAEB5291D94720062A2F4 /* OrangeView.swift */; };
		6696BE60292BACE300397B2C /* DetailEditView.swift in Sources */ = {isa = PBXBuildFile; fileRef = 6696BE5F292BACE300397B2C /* DetailEditView.swift */; };
		6696BE62292BB4BC00397B2C /* DetailView.swift in Sources */ = {isa = PBXBuildFile; fileRef = 6696BE61292BB4BC00397B2C /* DetailView.swift */; };
		66D6EF1E29193E8000408FE2 /* CH5_watchOSApp.swift in Sources */ = {isa = PBXBuildFile; fileRef = 66D6EF1D29193E8000408FE2 /* CH5_watchOSApp.swift */; };
		66D6EF2229193E8200408FE2 /* Assets.xcassets in Resources */ = {isa = PBXBuildFile; fileRef = 66D6EF2129193E8200408FE2 /* Assets.xcassets */; };
		66D6EF2529193E8200408FE2 /* Preview Assets.xcassets in Resources */ = {isa = PBXBuildFile; fileRef = 66D6EF2429193E8200408FE2 /* Preview Assets.xcassets */; };
		66D6EF2B29193E8200408FE2 /* CH5-watchOS Watch App.app in Embed Watch Content */ = {isa = PBXBuildFile; fileRef = 66D6EF2A29193E8200408FE2 /* CH5-watchOS Watch App.app */; settings = {ATTRIBUTES = (RemoveHeadersOnCopy, ); }; };
		66D6EF3029193E8200408FE2 /* CH5_watchOSApp.swift in Sources */ = {isa = PBXBuildFile; fileRef = 66D6EF2F29193E8200408FE2 /* CH5_watchOSApp.swift */; };
		66D6EF3229193E8200408FE2 /* StepGuideView.swift in Sources */ = {isa = PBXBuildFile; fileRef = 66D6EF3129193E8200408FE2 /* StepGuideView.swift */; };
		66D6EF3429193E8300408FE2 /* Assets.xcassets in Resources */ = {isa = PBXBuildFile; fileRef = 66D6EF3329193E8300408FE2 /* Assets.xcassets */; };
		66D6EF3729193E8300408FE2 /* Preview Assets.xcassets in Resources */ = {isa = PBXBuildFile; fileRef = 66D6EF3629193E8300408FE2 /* Preview Assets.xcassets */; };
		BD06688B29194DD400B4F1B0 /* ViewController.swift in Sources */ = {isa = PBXBuildFile; fileRef = BD06688A29194DD400B4F1B0 /* ViewController.swift */; };
		BD06688D29194E4700B4F1B0 /* StepByStepView.swift in Sources */ = {isa = PBXBuildFile; fileRef = BD06688C29194E4700B4F1B0 /* StepByStepView.swift */; };
		BD06688F291953FB00B4F1B0 /* StepButton.swift in Sources */ = {isa = PBXBuildFile; fileRef = BD06688E291953FB00B4F1B0 /* StepButton.swift */; };
		BD066891291955B000B4F1B0 /* StepTitle.swift in Sources */ = {isa = PBXBuildFile; fileRef = BD066890291955B000B4F1B0 /* StepTitle.swift */; };
		BD0668932919566C00B4F1B0 /* StepDescription.swift in Sources */ = {isa = PBXBuildFile; fileRef = BD0668922919566C00B4F1B0 /* StepDescription.swift */; };
		BD066896291A9AA500B4F1B0 /* Color+customColors.swift in Sources */ = {isa = PBXBuildFile; fileRef = BD066895291A9AA500B4F1B0 /* Color+customColors.swift */; };
		BD066898291C0FF000B4F1B0 /* RoutineInfo.swift in Sources */ = {isa = PBXBuildFile; fileRef = BD066897291C0FF000B4F1B0 /* RoutineInfo.swift */; };
		BD558D50291D399400527F98 /* FinalStepView.swift in Sources */ = {isa = PBXBuildFile; fileRef = BD558D4F291D399400527F98 /* FinalStepView.swift */; };
		BD558D52291D401600527F98 /* TimerStepView.swift in Sources */ = {isa = PBXBuildFile; fileRef = BD558D51291D401600527F98 /* TimerStepView.swift */; };
		BD9FD4A4291E49B9009CCA7A /* CardView.swift in Sources */ = {isa = PBXBuildFile; fileRef = BD9FD4A3291E49B9009CCA7A /* CardView.swift */; };
		BDBB535729251872005318A8 /* WelcomeView.swift in Sources */ = {isa = PBXBuildFile; fileRef = BDBB535629251872005318A8 /* WelcomeView.swift */; };
		BDDD75F9291E7E1500244465 /* HomeView.swift in Sources */ = {isa = PBXBuildFile; fileRef = BDDD75F8291E7E1500244465 /* HomeView.swift */; };
		BDDD75FB291E7E4200244465 /* ContentView.swift in Sources */ = {isa = PBXBuildFile; fileRef = BDDD75FA291E7E4200244465 /* ContentView.swift */; };
/* End PBXBuildFile section */

/* Begin PBXContainerItemProxy section */
		66D6EF2C29193E8200408FE2 /* PBXContainerItemProxy */ = {
			isa = PBXContainerItemProxy;
			containerPortal = 66D6EF1229193E8000408FE2 /* Project object */;
			proxyType = 1;
			remoteGlobalIDString = 66D6EF2929193E8200408FE2;
			remoteInfo = "CH5-watchOS Watch App";
		};
/* End PBXContainerItemProxy section */

/* Begin PBXCopyFilesBuildPhase section */
		66D6EF3D29193E8300408FE2 /* Embed Watch Content */ = {
			isa = PBXCopyFilesBuildPhase;
			buildActionMask = 2147483647;
			dstPath = "$(CONTENTS_FOLDER_PATH)/Watch";
			dstSubfolderSpec = 16;
			files = (
				66D6EF2B29193E8200408FE2 /* CH5-watchOS Watch App.app in Embed Watch Content */,
			);
			name = "Embed Watch Content";
			runOnlyForDeploymentPostprocessing = 0;
		};
/* End PBXCopyFilesBuildPhase section */

/* Begin PBXFileReference section */
		66493D15292519140024F704 /* RegistrationView.swift */ = {isa = PBXFileReference; lastKnownFileType = sourcecode.swift; path = RegistrationView.swift; sourceTree = "<group>"; };
		66493D1729253BD80024F704 /* WeekView.swift */ = {isa = PBXFileReference; lastKnownFileType = sourcecode.swift; path = WeekView.swift; sourceTree = "<group>"; };
		66526265292C27CE001DA6D5 /* RoutineStore.swift */ = {isa = PBXFileReference; lastKnownFileType = sourcecode.swift; path = RoutineStore.swift; sourceTree = "<group>"; };
		665B7FA1291985350023B012 /* TimerView.swift */ = {isa = PBXFileReference; lastKnownFileType = sourcecode.swift; path = TimerView.swift; sourceTree = "<group>"; };
		66705B20291AA5AA004378C2 /* FinishView.swift */ = {isa = PBXFileReference; lastKnownFileType = sourcecode.swift; path = FinishView.swift; sourceTree = "<group>"; };
		66705B22291AAD57004378C2 /* ListView.swift */ = {isa = PBXFileReference; lastKnownFileType = sourcecode.swift; path = ListView.swift; sourceTree = "<group>"; };
		6676EF28291A7FBC003A9B49 /* Color+customColor.swift */ = {isa = PBXFileReference; lastKnownFileType = sourcecode.swift; path = "Color+customColor.swift"; sourceTree = "<group>"; };
		667DA0D9291BCB6C00DC6746 /* DailySkinCare.swift */ = {isa = PBXFileReference; lastKnownFileType = sourcecode.swift; path = DailySkinCare.swift; sourceTree = "<group>"; };
		667DA0DB291BD51700DC6746 /* CardView.swift */ = {isa = PBXFileReference; lastKnownFileType = sourcecode.swift; path = CardView.swift; sourceTree = "<group>"; };
		667FAEB3291D91FC0062A2F4 /* ViewController.swift */ = {isa = PBXFileReference; lastKnownFileType = sourcecode.swift; path = ViewController.swift; sourceTree = "<group>"; };
		667FAEB5291D94720062A2F4 /* OrangeView.swift */ = {isa = PBXFileReference; lastKnownFileType = sourcecode.swift; path = OrangeView.swift; sourceTree = "<group>"; };
		6696BE5F292BACE300397B2C /* DetailEditView.swift */ = {isa = PBXFileReference; lastKnownFileType = sourcecode.swift; path = DetailEditView.swift; sourceTree = "<group>"; };
		6696BE61292BB4BC00397B2C /* DetailView.swift */ = {isa = PBXFileReference; lastKnownFileType = sourcecode.swift; path = DetailView.swift; sourceTree = "<group>"; };
		66D6EF1A29193E8000408FE2 /* CH5-watchOS.app */ = {isa = PBXFileReference; explicitFileType = wrapper.application; includeInIndex = 0; path = "CH5-watchOS.app"; sourceTree = BUILT_PRODUCTS_DIR; };
		66D6EF1D29193E8000408FE2 /* CH5_watchOSApp.swift */ = {isa = PBXFileReference; lastKnownFileType = sourcecode.swift; path = CH5_watchOSApp.swift; sourceTree = "<group>"; };
		66D6EF2129193E8200408FE2 /* Assets.xcassets */ = {isa = PBXFileReference; lastKnownFileType = folder.assetcatalog; path = Assets.xcassets; sourceTree = "<group>"; };
		66D6EF2429193E8200408FE2 /* Preview Assets.xcassets */ = {isa = PBXFileReference; lastKnownFileType = folder.assetcatalog; path = "Preview Assets.xcassets"; sourceTree = "<group>"; };
		66D6EF2A29193E8200408FE2 /* CH5-watchOS Watch App.app */ = {isa = PBXFileReference; explicitFileType = wrapper.application; includeInIndex = 0; path = "CH5-watchOS Watch App.app"; sourceTree = BUILT_PRODUCTS_DIR; };
		66D6EF2F29193E8200408FE2 /* CH5_watchOSApp.swift */ = {isa = PBXFileReference; lastKnownFileType = sourcecode.swift; path = CH5_watchOSApp.swift; sourceTree = "<group>"; };
		66D6EF3129193E8200408FE2 /* StepGuideView.swift */ = {isa = PBXFileReference; lastKnownFileType = sourcecode.swift; path = StepGuideView.swift; sourceTree = "<group>"; };
		66D6EF3329193E8300408FE2 /* Assets.xcassets */ = {isa = PBXFileReference; lastKnownFileType = folder.assetcatalog; path = Assets.xcassets; sourceTree = "<group>"; };
		66D6EF3629193E8300408FE2 /* Preview Assets.xcassets */ = {isa = PBXFileReference; lastKnownFileType = folder.assetcatalog; path = "Preview Assets.xcassets"; sourceTree = "<group>"; };
		BD06688A29194DD400B4F1B0 /* ViewController.swift */ = {isa = PBXFileReference; lastKnownFileType = sourcecode.swift; path = ViewController.swift; sourceTree = "<group>"; };
		BD06688C29194E4700B4F1B0 /* StepByStepView.swift */ = {isa = PBXFileReference; lastKnownFileType = sourcecode.swift; path = StepByStepView.swift; sourceTree = "<group>"; };
		BD06688E291953FB00B4F1B0 /* StepButton.swift */ = {isa = PBXFileReference; lastKnownFileType = sourcecode.swift; path = StepButton.swift; sourceTree = "<group>"; };
		BD066890291955B000B4F1B0 /* StepTitle.swift */ = {isa = PBXFileReference; lastKnownFileType = sourcecode.swift; path = StepTitle.swift; sourceTree = "<group>"; };
		BD0668922919566C00B4F1B0 /* StepDescription.swift */ = {isa = PBXFileReference; lastKnownFileType = sourcecode.swift; path = StepDescription.swift; sourceTree = "<group>"; };
		BD066895291A9AA500B4F1B0 /* Color+customColors.swift */ = {isa = PBXFileReference; lastKnownFileType = sourcecode.swift; path = "Color+customColors.swift"; sourceTree = "<group>"; };
		BD066897291C0FF000B4F1B0 /* RoutineInfo.swift */ = {isa = PBXFileReference; lastKnownFileType = sourcecode.swift; path = RoutineInfo.swift; sourceTree = "<group>"; };
		BD558D4F291D399400527F98 /* FinalStepView.swift */ = {isa = PBXFileReference; lastKnownFileType = sourcecode.swift; path = FinalStepView.swift; sourceTree = "<group>"; };
		BD558D51291D401600527F98 /* TimerStepView.swift */ = {isa = PBXFileReference; lastKnownFileType = sourcecode.swift; path = TimerStepView.swift; sourceTree = "<group>"; };
		BD9FD4A3291E49B9009CCA7A /* CardView.swift */ = {isa = PBXFileReference; lastKnownFileType = sourcecode.swift; path = CardView.swift; sourceTree = "<group>"; };
		BDBB535629251872005318A8 /* WelcomeView.swift */ = {isa = PBXFileReference; lastKnownFileType = sourcecode.swift; path = WelcomeView.swift; sourceTree = "<group>"; };
		BDDD75F8291E7E1500244465 /* HomeView.swift */ = {isa = PBXFileReference; lastKnownFileType = sourcecode.swift; path = HomeView.swift; sourceTree = "<group>"; };
		BDDD75FA291E7E4200244465 /* ContentView.swift */ = {isa = PBXFileReference; lastKnownFileType = sourcecode.swift; path = ContentView.swift; sourceTree = "<group>"; };
/* End PBXFileReference section */

/* Begin PBXFrameworksBuildPhase section */
		66D6EF1729193E8000408FE2 /* Frameworks */ = {
			isa = PBXFrameworksBuildPhase;
			buildActionMask = 2147483647;
			files = (
			);
			runOnlyForDeploymentPostprocessing = 0;
		};
		66D6EF2729193E8200408FE2 /* Frameworks */ = {
			isa = PBXFrameworksBuildPhase;
			buildActionMask = 2147483647;
			files = (
			);
			runOnlyForDeploymentPostprocessing = 0;
		};
/* End PBXFrameworksBuildPhase section */

/* Begin PBXGroup section */
		66705B24291AAD6B004378C2 /* Modal */ = {
			isa = PBXGroup;
			children = (
				66D6EF2F29193E8200408FE2 /* CH5_watchOSApp.swift */,
				667DA0D9291BCB6C00DC6746 /* DailySkinCare.swift */,
			);
			path = Modal;
			sourceTree = "<group>";
		};
		66705B26291AAD8C004378C2 /* View */ = {
			isa = PBXGroup;
			children = (
				667FAEB3291D91FC0062A2F4 /* ViewController.swift */,
				66705B22291AAD57004378C2 /* ListView.swift */,
				667FAEB5291D94720062A2F4 /* OrangeView.swift */,
				66D6EF3129193E8200408FE2 /* StepGuideView.swift */,
				667DA0DB291BD51700DC6746 /* CardView.swift */,
				665B7FA1291985350023B012 /* TimerView.swift */,
				66705B20291AA5AA004378C2 /* FinishView.swift */,
			);
			path = View;
			sourceTree = "<group>";
		};
		66705B27291AAD93004378C2 /* Extension */ = {
			isa = PBXGroup;
			children = (
				6676EF28291A7FBC003A9B49 /* Color+customColor.swift */,
			);
			path = Extension;
			sourceTree = "<group>";
		};
		66D6EF1129193E8000408FE2 = {
			isa = PBXGroup;
			children = (
				66D6EF1C29193E8000408FE2 /* CH5-watchOS */,
				66D6EF2129193E8200408FE2 /* Assets.xcassets */,
				66D6EF2E29193E8200408FE2 /* CH5-watchOS Watch App */,
				66D6EF1B29193E8000408FE2 /* Products */,
			);
			sourceTree = "<group>";
		};
		66D6EF1B29193E8000408FE2 /* Products */ = {
			isa = PBXGroup;
			children = (
				66D6EF1A29193E8000408FE2 /* CH5-watchOS.app */,
				66D6EF2A29193E8200408FE2 /* CH5-watchOS Watch App.app */,
			);
			name = Products;
			sourceTree = "<group>";
		};
		66D6EF1C29193E8000408FE2 /* CH5-watchOS */ = {
			isa = PBXGroup;
			children = (
				BD06688829194CA600B4F1B0 /* Model */,
				BD06688929194CB300B4F1B0 /* View */,
				BD066894291A9A6B00B4F1B0 /* Extensions */,
				66D6EF2329193E8200408FE2 /* Preview Content */,
			);
			path = "CH5-watchOS";
			sourceTree = "<group>";
		};
		66D6EF2329193E8200408FE2 /* Preview Content */ = {
			isa = PBXGroup;
			children = (
				66D6EF2429193E8200408FE2 /* Preview Assets.xcassets */,
			);
			path = "Preview Content";
			sourceTree = "<group>";
		};
		66D6EF2E29193E8200408FE2 /* CH5-watchOS Watch App */ = {
			isa = PBXGroup;
			children = (
				66705B27291AAD93004378C2 /* Extension */,
				66705B26291AAD8C004378C2 /* View */,
				66705B24291AAD6B004378C2 /* Modal */,
				66D6EF3529193E8300408FE2 /* Preview Content */,
				66D6EF3329193E8300408FE2 /* Assets.xcassets */,
			);
			path = "CH5-watchOS Watch App";
			sourceTree = "<group>";
		};
		66D6EF3529193E8300408FE2 /* Preview Content */ = {
			isa = PBXGroup;
			children = (
				66D6EF3629193E8300408FE2 /* Preview Assets.xcassets */,
			);
			path = "Preview Content";
			sourceTree = "<group>";
		};
		BD06688829194CA600B4F1B0 /* Model */ = {
			isa = PBXGroup;
			children = (
				66D6EF1D29193E8000408FE2 /* CH5_watchOSApp.swift */,
				BD06688E291953FB00B4F1B0 /* StepButton.swift */,
				BD066890291955B000B4F1B0 /* StepTitle.swift */,
				BD0668922919566C00B4F1B0 /* StepDescription.swift */,
				BD066897291C0FF000B4F1B0 /* RoutineInfo.swift */,
				66526265292C27CE001DA6D5 /* RoutineStore.swift */,
			);
			path = Model;
			sourceTree = "<group>";
		};
		BD06688929194CB300B4F1B0 /* View */ = {
			isa = PBXGroup;
			children = (
				BD06688A29194DD400B4F1B0 /* ViewController.swift */,
				BDBB535629251872005318A8 /* WelcomeView.swift */,
				BD9FD4A3291E49B9009CCA7A /* CardView.swift */,
				BD06688C29194E4700B4F1B0 /* StepByStepView.swift */,
				BD558D51291D401600527F98 /* TimerStepView.swift */,
				BD558D4F291D399400527F98 /* FinalStepView.swift */,
				BDDD75F8291E7E1500244465 /* HomeView.swift */,
				BDDD75FA291E7E4200244465 /* ContentView.swift */,
				66493D15292519140024F704 /* RegistrationView.swift */,
				6696BE61292BB4BC00397B2C /* DetailView.swift */,
				6696BE5F292BACE300397B2C /* DetailEditView.swift */,
				66493D1729253BD80024F704 /* WeekView.swift */,
			);
			path = View;
			sourceTree = "<group>";
		};
		BD066894291A9A6B00B4F1B0 /* Extensions */ = {
			isa = PBXGroup;
			children = (
				BD066895291A9AA500B4F1B0 /* Color+customColors.swift */,
			);
			path = Extensions;
			sourceTree = "<group>";
		};
/* End PBXGroup section */

/* Begin PBXNativeTarget section */
		66D6EF1929193E8000408FE2 /* CH5-watchOS */ = {
			isa = PBXNativeTarget;
			buildConfigurationList = 66D6EF3E29193E8300408FE2 /* Build configuration list for PBXNativeTarget "CH5-watchOS" */;
			buildPhases = (
				66D6EF1629193E8000408FE2 /* Sources */,
				66D6EF1729193E8000408FE2 /* Frameworks */,
				66D6EF1829193E8000408FE2 /* Resources */,
				66D6EF3D29193E8300408FE2 /* Embed Watch Content */,
			);
			buildRules = (
			);
			dependencies = (
				66D6EF2D29193E8200408FE2 /* PBXTargetDependency */,
			);
			name = "CH5-watchOS";
			productName = "CH5-watchOS";
			productReference = 66D6EF1A29193E8000408FE2 /* CH5-watchOS.app */;
			productType = "com.apple.product-type.application";
		};
		66D6EF2929193E8200408FE2 /* CH5-watchOS Watch App */ = {
			isa = PBXNativeTarget;
			buildConfigurationList = 66D6EF3A29193E8300408FE2 /* Build configuration list for PBXNativeTarget "CH5-watchOS Watch App" */;
			buildPhases = (
				66D6EF2629193E8200408FE2 /* Sources */,
				66D6EF2729193E8200408FE2 /* Frameworks */,
				66D6EF2829193E8200408FE2 /* Resources */,
			);
			buildRules = (
			);
			dependencies = (
			);
			name = "CH5-watchOS Watch App";
			productName = "CH5-watchOS Watch App";
			productReference = 66D6EF2A29193E8200408FE2 /* CH5-watchOS Watch App.app */;
			productType = "com.apple.product-type.application";
		};
/* End PBXNativeTarget section */

/* Begin PBXProject section */
		66D6EF1229193E8000408FE2 /* Project object */ = {
			isa = PBXProject;
			attributes = {
				BuildIndependentTargetsInParallel = 1;
				LastSwiftUpdateCheck = 1400;
				LastUpgradeCheck = 1400;
				TargetAttributes = {
					66D6EF1929193E8000408FE2 = {
						CreatedOnToolsVersion = 14.0.1;
					};
					66D6EF2929193E8200408FE2 = {
						CreatedOnToolsVersion = 14.0.1;
					};
				};
			};
			buildConfigurationList = 66D6EF1529193E8000408FE2 /* Build configuration list for PBXProject "CH5-watchOS" */;
			compatibilityVersion = "Xcode 14.0";
			developmentRegion = en;
			hasScannedForEncodings = 0;
			knownRegions = (
				en,
				Base,
			);
			mainGroup = 66D6EF1129193E8000408FE2;
			productRefGroup = 66D6EF1B29193E8000408FE2 /* Products */;
			projectDirPath = "";
			projectRoot = "";
			targets = (
				66D6EF1929193E8000408FE2 /* CH5-watchOS */,
				66D6EF2929193E8200408FE2 /* CH5-watchOS Watch App */,
			);
		};
/* End PBXProject section */

/* Begin PBXResourcesBuildPhase section */
		66D6EF1829193E8000408FE2 /* Resources */ = {
			isa = PBXResourcesBuildPhase;
			buildActionMask = 2147483647;
			files = (
				66D6EF2529193E8200408FE2 /* Preview Assets.xcassets in Resources */,
				66D6EF2229193E8200408FE2 /* Assets.xcassets in Resources */,
			);
			runOnlyForDeploymentPostprocessing = 0;
		};
		66D6EF2829193E8200408FE2 /* Resources */ = {
			isa = PBXResourcesBuildPhase;
			buildActionMask = 2147483647;
			files = (
				66D6EF3729193E8300408FE2 /* Preview Assets.xcassets in Resources */,
				66D6EF3429193E8300408FE2 /* Assets.xcassets in Resources */,
			);
			runOnlyForDeploymentPostprocessing = 0;
		};
/* End PBXResourcesBuildPhase section */

/* Begin PBXSourcesBuildPhase section */
		66D6EF1629193E8000408FE2 /* Sources */ = {
			isa = PBXSourcesBuildPhase;
			buildActionMask = 2147483647;
			files = (
				BD06688B29194DD400B4F1B0 /* ViewController.swift in Sources */,
				6696BE62292BB4BC00397B2C /* DetailView.swift in Sources */,
				BDBB535729251872005318A8 /* WelcomeView.swift in Sources */,
				BD06688D29194E4700B4F1B0 /* StepByStepView.swift in Sources */,
				BD066898291C0FF000B4F1B0 /* RoutineInfo.swift in Sources */,
				66493D16292519140024F704 /* RegistrationView.swift in Sources */,
				BD066896291A9AA500B4F1B0 /* Color+customColors.swift in Sources */,
				6696BE60292BACE300397B2C /* DetailEditView.swift in Sources */,
				BD06688F291953FB00B4F1B0 /* StepButton.swift in Sources */,
				66493D1829253BD80024F704 /* WeekView.swift in Sources */,
				BD558D52291D401600527F98 /* TimerStepView.swift in Sources */,
				BD066891291955B000B4F1B0 /* StepTitle.swift in Sources */,
				66D6EF1E29193E8000408FE2 /* CH5_watchOSApp.swift in Sources */,
				BD0668932919566C00B4F1B0 /* StepDescription.swift in Sources */,
				BDDD75F9291E7E1500244465 /* HomeView.swift in Sources */,
				BDDD75FB291E7E4200244465 /* ContentView.swift in Sources */,
				BD9FD4A4291E49B9009CCA7A /* CardView.swift in Sources */,
				66526266292C27CE001DA6D5 /* RoutineStore.swift in Sources */,
				BD558D50291D399400527F98 /* FinalStepView.swift in Sources */,
			);
			runOnlyForDeploymentPostprocessing = 0;
		};
		66D6EF2629193E8200408FE2 /* Sources */ = {
			isa = PBXSourcesBuildPhase;
			buildActionMask = 2147483647;
			files = (
				66253F8F2926694400CF7E65 /* RoutineInfo.swift in Sources */,
				667FAEB6291D94720062A2F4 /* OrangeView.swift in Sources */,
				66705B23291AAD57004378C2 /* ListView.swift in Sources */,
				66D6EF3229193E8200408FE2 /* StepGuideView.swift in Sources */,
				66705B21291AA5AA004378C2 /* FinishView.swift in Sources */,
				667FAEB4291D91FC0062A2F4 /* ViewController.swift in Sources */,
				66D6EF3029193E8200408FE2 /* CH5_watchOSApp.swift in Sources */,
				6676EF2A291A8763003A9B49 /* Color+customColor.swift in Sources */,
				667DA0DA291BCB6C00DC6746 /* DailySkinCare.swift in Sources */,
				667DA0DC291BD51700DC6746 /* CardView.swift in Sources */,
				665B7FA2291985350023B012 /* TimerView.swift in Sources */,
			);
			runOnlyForDeploymentPostprocessing = 0;
		};
/* End PBXSourcesBuildPhase section */

/* Begin PBXTargetDependency section */
		66D6EF2D29193E8200408FE2 /* PBXTargetDependency */ = {
			isa = PBXTargetDependency;
			target = 66D6EF2929193E8200408FE2 /* CH5-watchOS Watch App */;
			targetProxy = 66D6EF2C29193E8200408FE2 /* PBXContainerItemProxy */;
		};
/* End PBXTargetDependency section */

/* Begin XCBuildConfiguration section */
		66D6EF3829193E8300408FE2 /* Debug */ = {
			isa = XCBuildConfiguration;
			buildSettings = {
				ALWAYS_SEARCH_USER_PATHS = NO;
				CLANG_ANALYZER_NONNULL = YES;
				CLANG_ANALYZER_NUMBER_OBJECT_CONVERSION = YES_AGGRESSIVE;
				CLANG_CXX_LANGUAGE_STANDARD = "gnu++20";
				CLANG_ENABLE_MODULES = YES;
				CLANG_ENABLE_OBJC_ARC = YES;
				CLANG_ENABLE_OBJC_WEAK = YES;
				CLANG_WARN_BLOCK_CAPTURE_AUTORELEASING = YES;
				CLANG_WARN_BOOL_CONVERSION = YES;
				CLANG_WARN_COMMA = YES;
				CLANG_WARN_CONSTANT_CONVERSION = YES;
				CLANG_WARN_DEPRECATED_OBJC_IMPLEMENTATIONS = YES;
				CLANG_WARN_DIRECT_OBJC_ISA_USAGE = YES_ERROR;
				CLANG_WARN_DOCUMENTATION_COMMENTS = YES;
				CLANG_WARN_EMPTY_BODY = YES;
				CLANG_WARN_ENUM_CONVERSION = YES;
				CLANG_WARN_INFINITE_RECURSION = YES;
				CLANG_WARN_INT_CONVERSION = YES;
				CLANG_WARN_NON_LITERAL_NULL_CONVERSION = YES;
				CLANG_WARN_OBJC_IMPLICIT_RETAIN_SELF = YES;
				CLANG_WARN_OBJC_LITERAL_CONVERSION = YES;
				CLANG_WARN_OBJC_ROOT_CLASS = YES_ERROR;
				CLANG_WARN_QUOTED_INCLUDE_IN_FRAMEWORK_HEADER = YES;
				CLANG_WARN_RANGE_LOOP_ANALYSIS = YES;
				CLANG_WARN_STRICT_PROTOTYPES = YES;
				CLANG_WARN_SUSPICIOUS_MOVE = YES;
				CLANG_WARN_UNGUARDED_AVAILABILITY = YES_AGGRESSIVE;
				CLANG_WARN_UNREACHABLE_CODE = YES;
				CLANG_WARN__DUPLICATE_METHOD_MATCH = YES;
				COPY_PHASE_STRIP = NO;
				DEBUG_INFORMATION_FORMAT = dwarf;
				ENABLE_STRICT_OBJC_MSGSEND = YES;
				ENABLE_TESTABILITY = YES;
				GCC_C_LANGUAGE_STANDARD = gnu11;
				GCC_DYNAMIC_NO_PIC = NO;
				GCC_NO_COMMON_BLOCKS = YES;
				GCC_OPTIMIZATION_LEVEL = 0;
				GCC_PREPROCESSOR_DEFINITIONS = (
					"DEBUG=1",
					"$(inherited)",
				);
				GCC_WARN_64_TO_32_BIT_CONVERSION = YES;
				GCC_WARN_ABOUT_RETURN_TYPE = YES_ERROR;
				GCC_WARN_UNDECLARED_SELECTOR = YES;
				GCC_WARN_UNINITIALIZED_AUTOS = YES_AGGRESSIVE;
				GCC_WARN_UNUSED_FUNCTION = YES;
				GCC_WARN_UNUSED_VARIABLE = YES;
				MTL_ENABLE_DEBUG_INFO = INCLUDE_SOURCE;
				MTL_FAST_MATH = YES;
				ONLY_ACTIVE_ARCH = YES;
				SWIFT_ACTIVE_COMPILATION_CONDITIONS = DEBUG;
				SWIFT_OPTIMIZATION_LEVEL = "-Onone";
			};
			name = Debug;
		};
		66D6EF3929193E8300408FE2 /* Release */ = {
			isa = XCBuildConfiguration;
			buildSettings = {
				ALWAYS_SEARCH_USER_PATHS = NO;
				CLANG_ANALYZER_NONNULL = YES;
				CLANG_ANALYZER_NUMBER_OBJECT_CONVERSION = YES_AGGRESSIVE;
				CLANG_CXX_LANGUAGE_STANDARD = "gnu++20";
				CLANG_ENABLE_MODULES = YES;
				CLANG_ENABLE_OBJC_ARC = YES;
				CLANG_ENABLE_OBJC_WEAK = YES;
				CLANG_WARN_BLOCK_CAPTURE_AUTORELEASING = YES;
				CLANG_WARN_BOOL_CONVERSION = YES;
				CLANG_WARN_COMMA = YES;
				CLANG_WARN_CONSTANT_CONVERSION = YES;
				CLANG_WARN_DEPRECATED_OBJC_IMPLEMENTATIONS = YES;
				CLANG_WARN_DIRECT_OBJC_ISA_USAGE = YES_ERROR;
				CLANG_WARN_DOCUMENTATION_COMMENTS = YES;
				CLANG_WARN_EMPTY_BODY = YES;
				CLANG_WARN_ENUM_CONVERSION = YES;
				CLANG_WARN_INFINITE_RECURSION = YES;
				CLANG_WARN_INT_CONVERSION = YES;
				CLANG_WARN_NON_LITERAL_NULL_CONVERSION = YES;
				CLANG_WARN_OBJC_IMPLICIT_RETAIN_SELF = YES;
				CLANG_WARN_OBJC_LITERAL_CONVERSION = YES;
				CLANG_WARN_OBJC_ROOT_CLASS = YES_ERROR;
				CLANG_WARN_QUOTED_INCLUDE_IN_FRAMEWORK_HEADER = YES;
				CLANG_WARN_RANGE_LOOP_ANALYSIS = YES;
				CLANG_WARN_STRICT_PROTOTYPES = YES;
				CLANG_WARN_SUSPICIOUS_MOVE = YES;
				CLANG_WARN_UNGUARDED_AVAILABILITY = YES_AGGRESSIVE;
				CLANG_WARN_UNREACHABLE_CODE = YES;
				CLANG_WARN__DUPLICATE_METHOD_MATCH = YES;
				COPY_PHASE_STRIP = NO;
				DEBUG_INFORMATION_FORMAT = "dwarf-with-dsym";
				ENABLE_NS_ASSERTIONS = NO;
				ENABLE_STRICT_OBJC_MSGSEND = YES;
				GCC_C_LANGUAGE_STANDARD = gnu11;
				GCC_NO_COMMON_BLOCKS = YES;
				GCC_WARN_64_TO_32_BIT_CONVERSION = YES;
				GCC_WARN_ABOUT_RETURN_TYPE = YES_ERROR;
				GCC_WARN_UNDECLARED_SELECTOR = YES;
				GCC_WARN_UNINITIALIZED_AUTOS = YES_AGGRESSIVE;
				GCC_WARN_UNUSED_FUNCTION = YES;
				GCC_WARN_UNUSED_VARIABLE = YES;
				MTL_ENABLE_DEBUG_INFO = NO;
				MTL_FAST_MATH = YES;
				SWIFT_COMPILATION_MODE = wholemodule;
				SWIFT_OPTIMIZATION_LEVEL = "-O";
			};
			name = Release;
		};
		66D6EF3B29193E8300408FE2 /* Debug */ = {
			isa = XCBuildConfiguration;
			buildSettings = {
				ASSETCATALOG_COMPILER_APPICON_NAME = AppIcon;
				ASSETCATALOG_COMPILER_GLOBAL_ACCENT_COLOR_NAME = AccentColor;
				CODE_SIGN_STYLE = Automatic;
				CURRENT_PROJECT_VERSION = 1;
				DEVELOPMENT_ASSET_PATHS = "\"CH5-watchOS Watch App/Preview Content\"";
				DEVELOPMENT_TEAM = 2VBT66DD5V;
				ENABLE_PREVIEWS = YES;
				GENERATE_INFOPLIST_FILE = YES;
				INFOPLIST_KEY_CFBundleDisplayName = "CH5-watchOS";
				INFOPLIST_KEY_UISupportedInterfaceOrientations = "UIInterfaceOrientationPortrait UIInterfaceOrientationPortraitUpsideDown";
				INFOPLIST_KEY_WKCompanionAppBundleIdentifier = "Academy.CH5-watchOS";
				LD_RUNPATH_SEARCH_PATHS = (
					"$(inherited)",
					"@executable_path/Frameworks",
				);
				MARKETING_VERSION = 1.0;
				PRODUCT_BUNDLE_IDENTIFIER = "Academy.CH5-watchOS.watchkitapp";
				PRODUCT_NAME = "$(TARGET_NAME)";
				SDKROOT = watchos;
				SKIP_INSTALL = YES;
				SWIFT_EMIT_LOC_STRINGS = YES;
				SWIFT_VERSION = 5.0;
				TARGETED_DEVICE_FAMILY = 4;
				WATCHOS_DEPLOYMENT_TARGET = 8.7;
			};
			name = Debug;
		};
		66D6EF3C29193E8300408FE2 /* Release */ = {
			isa = XCBuildConfiguration;
			buildSettings = {
				ASSETCATALOG_COMPILER_APPICON_NAME = AppIcon;
				ASSETCATALOG_COMPILER_GLOBAL_ACCENT_COLOR_NAME = AccentColor;
				CODE_SIGN_STYLE = Automatic;
				CURRENT_PROJECT_VERSION = 1;
				DEVELOPMENT_ASSET_PATHS = "\"CH5-watchOS Watch App/Preview Content\"";
				DEVELOPMENT_TEAM = 2VBT66DD5V;
				ENABLE_PREVIEWS = YES;
				GENERATE_INFOPLIST_FILE = YES;
				INFOPLIST_KEY_CFBundleDisplayName = "CH5-watchOS";
				INFOPLIST_KEY_UISupportedInterfaceOrientations = "UIInterfaceOrientationPortrait UIInterfaceOrientationPortraitUpsideDown";
				INFOPLIST_KEY_WKCompanionAppBundleIdentifier = "Academy.CH5-watchOS";
				LD_RUNPATH_SEARCH_PATHS = (
					"$(inherited)",
					"@executable_path/Frameworks",
				);
				MARKETING_VERSION = 1.0;
				PRODUCT_BUNDLE_IDENTIFIER = "Academy.CH5-watchOS.watchkitapp";
				PRODUCT_NAME = "$(TARGET_NAME)";
				SDKROOT = watchos;
				SKIP_INSTALL = YES;
				SWIFT_EMIT_LOC_STRINGS = YES;
				SWIFT_VERSION = 5.0;
				TARGETED_DEVICE_FAMILY = 4;
				VALIDATE_PRODUCT = YES;
				WATCHOS_DEPLOYMENT_TARGET = 8.7;
			};
			name = Release;
		};
		66D6EF3F29193E8300408FE2 /* Debug */ = {
			isa = XCBuildConfiguration;
			buildSettings = {
				ALWAYS_EMBED_SWIFT_STANDARD_LIBRARIES = YES;
				ASSETCATALOG_COMPILER_APPICON_NAME = AppIcon;
				ASSETCATALOG_COMPILER_GLOBAL_ACCENT_COLOR_NAME = AccentColor;
				CODE_SIGN_STYLE = Automatic;
				CURRENT_PROJECT_VERSION = 1;
				DEVELOPMENT_ASSET_PATHS = "\"CH5-watchOS/Preview Content\"";
				DEVELOPMENT_TEAM = 2VBT66DD5V;
				ENABLE_PREVIEWS = YES;
				GENERATE_INFOPLIST_FILE = YES;
				INFOPLIST_KEY_CFBundleDisplayName = "CH5-watchOS";
				INFOPLIST_KEY_UIApplicationSceneManifest_Generation = YES;
				INFOPLIST_KEY_UIApplicationSupportsIndirectInputEvents = YES;
				INFOPLIST_KEY_UILaunchScreen_Generation = YES;
				INFOPLIST_KEY_UISupportedInterfaceOrientations_iPad = "UIInterfaceOrientationPortrait UIInterfaceOrientationPortraitUpsideDown UIInterfaceOrientationLandscapeLeft UIInterfaceOrientationLandscapeRight";
				INFOPLIST_KEY_UISupportedInterfaceOrientations_iPhone = "UIInterfaceOrientationPortrait UIInterfaceOrientationLandscapeLeft UIInterfaceOrientationLandscapeRight";
				IPHONEOS_DEPLOYMENT_TARGET = 16.0;
				LD_RUNPATH_SEARCH_PATHS = (
					"$(inherited)",
					"@executable_path/Frameworks",
				);
				MARKETING_VERSION = 1.0;
				PRODUCT_BUNDLE_IDENTIFIER = "Academy.CH5-watchOS";
				PRODUCT_NAME = "$(TARGET_NAME)";
				SDKROOT = iphoneos;
				SWIFT_EMIT_LOC_STRINGS = YES;
				SWIFT_VERSION = 5.0;
				TARGETED_DEVICE_FAMILY = "1,2";
			};
			name = Debug;
		};
		66D6EF4029193E8300408FE2 /* Release */ = {
			isa = XCBuildConfiguration;
			buildSettings = {
				ALWAYS_EMBED_SWIFT_STANDARD_LIBRARIES = YES;
				ASSETCATALOG_COMPILER_APPICON_NAME = AppIcon;
				ASSETCATALOG_COMPILER_GLOBAL_ACCENT_COLOR_NAME = AccentColor;
				CODE_SIGN_STYLE = Automatic;
				CURRENT_PROJECT_VERSION = 1;
				DEVELOPMENT_ASSET_PATHS = "\"CH5-watchOS/Preview Content\"";
				DEVELOPMENT_TEAM = 2VBT66DD5V;
				ENABLE_PREVIEWS = YES;
				GENERATE_INFOPLIST_FILE = YES;
				INFOPLIST_KEY_CFBundleDisplayName = "CH5-watchOS";
				INFOPLIST_KEY_UIApplicationSceneManifest_Generation = YES;
				INFOPLIST_KEY_UIApplicationSupportsIndirectInputEvents = YES;
				INFOPLIST_KEY_UILaunchScreen_Generation = YES;
				INFOPLIST_KEY_UISupportedInterfaceOrientations_iPad = "UIInterfaceOrientationPortrait UIInterfaceOrientationPortraitUpsideDown UIInterfaceOrientationLandscapeLeft UIInterfaceOrientationLandscapeRight";
				INFOPLIST_KEY_UISupportedInterfaceOrientations_iPhone = "UIInterfaceOrientationPortrait UIInterfaceOrientationLandscapeLeft UIInterfaceOrientationLandscapeRight";
				IPHONEOS_DEPLOYMENT_TARGET = 16.0;
				LD_RUNPATH_SEARCH_PATHS = (
					"$(inherited)",
					"@executable_path/Frameworks",
				);
				MARKETING_VERSION = 1.0;
				PRODUCT_BUNDLE_IDENTIFIER = "Academy.CH5-watchOS";
				PRODUCT_NAME = "$(TARGET_NAME)";
				SDKROOT = iphoneos;
				SWIFT_EMIT_LOC_STRINGS = YES;
				SWIFT_VERSION = 5.0;
				TARGETED_DEVICE_FAMILY = "1,2";
				VALIDATE_PRODUCT = YES;
			};
			name = Release;
		};
/* End XCBuildConfiguration section */

/* Begin XCConfigurationList section */
		66D6EF1529193E8000408FE2 /* Build configuration list for PBXProject "CH5-watchOS" */ = {
			isa = XCConfigurationList;
			buildConfigurations = (
				66D6EF3829193E8300408FE2 /* Debug */,
				66D6EF3929193E8300408FE2 /* Release */,
			);
			defaultConfigurationIsVisible = 0;
			defaultConfigurationName = Release;
		};
		66D6EF3A29193E8300408FE2 /* Build configuration list for PBXNativeTarget "CH5-watchOS Watch App" */ = {
			isa = XCConfigurationList;
			buildConfigurations = (
				66D6EF3B29193E8300408FE2 /* Debug */,
				66D6EF3C29193E8300408FE2 /* Release */,
			);
			defaultConfigurationIsVisible = 0;
			defaultConfigurationName = Release;
		};
		66D6EF3E29193E8300408FE2 /* Build configuration list for PBXNativeTarget "CH5-watchOS" */ = {
			isa = XCConfigurationList;
			buildConfigurations = (
				66D6EF3F29193E8300408FE2 /* Debug */,
				66D6EF4029193E8300408FE2 /* Release */,
			);
			defaultConfigurationIsVisible = 0;
			defaultConfigurationName = Release;
		};
/* End XCConfigurationList section */
	};
	rootObject = 66D6EF1229193E8000408FE2 /* Project object */;
}
